version = 1
revision = 3
requires-python = ">=3.13"

[[package]]
name = "asgiref"
version = "3.9.1"
source = { registry = "https://pypi.org/simple" }
sdist = { url = "https://files.pythonhosted.org/packages/90/61/0aa957eec22ff70b830b22ff91f825e70e1ef732c06666a805730f28b36b/asgiref-3.9.1.tar.gz", hash = "sha256:a5ab6582236218e5ef1648f242fd9f10626cfd4de8dc377db215d5d5098e3142", size = 36870, upload-time = "2025-07-08T09:07:43.344Z" }
wheels = [
    { url = "https://files.pythonhosted.org/packages/7c/3c/0464dcada90d5da0e71018c04a140ad6349558afb30b3051b4264cc5b965/asgiref-3.9.1-py3-none-any.whl", hash = "sha256:f3bba7092a48005b5f5bacd747d36ee4a5a61f4a269a6df590b43144355ebd2c", size = 23790, upload-time = "2025-07-08T09:07:41.548Z" },
]

[[package]]
name = "attrs"
version = "25.3.0"
source = { registry = "https://pypi.org/simple" }
sdist = { url = "https://files.pythonhosted.org/packages/5a/b0/1367933a8532ee6ff8d63537de4f1177af4bff9f3e829baf7331f595bb24/attrs-25.3.0.tar.gz", hash = "sha256:75d7cefc7fb576747b2c81b4442d4d4a1ce0900973527c011d1030fd3bf4af1b", size = 812032, upload-time = "2025-03-13T11:10:22.779Z" }
wheels = [
    { url = "https://files.pythonhosted.org/packages/77/06/bb80f5f86020c4551da315d78b3ab75e8228f89f0162f2c3a819e407941a/attrs-25.3.0-py3-none-any.whl", hash = "sha256:427318ce031701fea540783410126f03899a97ffc6f61596ad581ac2e40e3bc3", size = 63815, upload-time = "2025-03-13T11:10:21.14Z" },
]

[[package]]
name = "backend"
version = "0.1.0"
source = { virtual = "." }
dependencies = [
    { name = "asgiref" },
    { name = "attrs" },
    { name = "black" },
    { name = "click" },
    { name = "colorama" },
    { name = "django" },
    { name = "django-cors-headers" },
    { name = "django-filter" },
    { name = "djangorestframework" },
    { name = "drf-spectacular" },
    { name = "flake8" },
    { name = "inflection" },
    { name = "jsonschema" },
    { name = "jsonschema-specifications" },
    { name = "markdown" },
    { name = "mccabe" },
    { name = "mypy-extensions" },
    { name = "packaging" },
    { name = "pathspec" },
    { name = "platformdirs" },
    { name = "pycodestyle" },
    { name = "pyflakes" },
    { name = "python-dotenv" },
    { name = "pyyaml" },
    { name = "referencing" },
    { name = "rpds-py" },
    { name = "sqlparse" },
    { name = "tzdata" },
    { name = "uritemplate" },
]

[package.metadata]
requires-dist = [
    { name = "asgiref", specifier = "==3.9.1" },
    { name = "attrs", specifier = "==25.3.0" },
    { name = "black", specifier = "==25.1.0" },
    { name = "click", specifier = "==8.2.1" },
    { name = "colorama", specifier = "==0.4.6" },
    { name = "django", specifier = "==5.2.4" },
    { name = "django-cors-headers", specifier = "==4.7.0" },
    { name = "django-filter", specifier = "==24.1" },
    { name = "djangorestframework", specifier = "==3.16.0" },
    { name = "drf-spectacular", specifier = "==0.28.0" },
    { name = "flake8", specifier = "==7.3.0" },
    { name = "inflection", specifier = "==0.5.1" },
    { name = "jsonschema", specifier = "==4.25.1" },
    { name = "jsonschema-specifications", specifier = "==2025.4.1" },
    { name = "markdown", specifier = "==3.8.2" },
    { name = "mccabe", specifier = "==0.7.0" },
    { name = "mypy-extensions", specifier = "==1.1.0" },
    { name = "packaging", specifier = "==25.0" },
    { name = "pathspec", specifier = "==0.12.1" },
    { name = "platformdirs", specifier = "==4.3.8" },
    { name = "pycodestyle", specifier = "==2.14.0" },
    { name = "pyflakes", specifier = "==3.4.0" },
    { name = "python-dotenv", specifier = "==1.1.1" },
    { name = "pyyaml", specifier = "==6.0.2" },
    { name = "referencing", specifier = "==0.36.2" },
    { name = "rpds-py", specifier = "==0.27.0" },
    { name = "sqlparse", specifier = "==0.5.3" },
    { name = "tzdata", specifier = "==2025.2" },
    { name = "uritemplate", specifier = "==4.2.0" },
]

[[package]]
name = "black"
version = "25.1.0"
source = { registry = "https://pypi.org/simple" }
dependencies = [
    { name = "click" },
    { name = "mypy-extensions" },
    { name = "packaging" },
    { name = "pathspec" },
    { name = "platformdirs" },
]
sdist = { url = "https://files.pythonhosted.org/packages/94/49/26a7b0f3f35da4b5a65f081943b7bcd22d7002f5f0fb8098ec1ff21cb6ef/black-25.1.0.tar.gz", hash = "sha256:33496d5cd1222ad73391352b4ae8da15253c5de89b93a80b3e2c8d9a19ec2666", size = 649449, upload-time = "2025-01-29T04:15:40.373Z" }
wheels = [
    { url = "https://files.pythonhosted.org/packages/98/87/0edf98916640efa5d0696e1abb0a8357b52e69e82322628f25bf14d263d1/black-25.1.0-cp313-cp313-macosx_10_13_x86_64.whl", hash = "sha256:8f0b18a02996a836cc9c9c78e5babec10930862827b1b724ddfe98ccf2f2fe4f", size = 1650673, upload-time = "2025-01-29T05:37:20.574Z" },
    { url = "https://files.pythonhosted.org/packages/52/e5/f7bf17207cf87fa6e9b676576749c6b6ed0d70f179a3d812c997870291c3/black-25.1.0-cp313-cp313-macosx_11_0_arm64.whl", hash = "sha256:afebb7098bfbc70037a053b91ae8437c3857482d3a690fefc03e9ff7aa9a5fd3", size = 1453190, upload-time = "2025-01-29T05:37:22.106Z" },
    { url = "https://files.pythonhosted.org/packages/e3/ee/adda3d46d4a9120772fae6de454c8495603c37c4c3b9c60f25b1ab6401fe/black-25.1.0-cp313-cp313-manylinux_2_17_x86_64.manylinux2014_x86_64.manylinux_2_28_x86_64.whl", hash = "sha256:030b9759066a4ee5e5aca28c3c77f9c64789cdd4de8ac1df642c40b708be6171", size = 1782926, upload-time = "2025-01-29T04:18:58.564Z" },
    { url = "https://files.pythonhosted.org/packages/cc/64/94eb5f45dcb997d2082f097a3944cfc7fe87e071907f677e80788a2d7b7a/black-25.1.0-cp313-cp313-win_amd64.whl", hash = "sha256:a22f402b410566e2d1c950708c77ebf5ebd5d0d88a6a2e87c86d9fb48afa0d18", size = 1442613, upload-time = "2025-01-29T04:19:27.63Z" },
    { url = "https://files.pythonhosted.org/packages/09/71/54e999902aed72baf26bca0d50781b01838251a462612966e9fc4891eadd/black-25.1.0-py3-none-any.whl", hash = "sha256:95e8176dae143ba9097f351d174fdaf0ccd29efb414b362ae3fd72bf0f710717", size = 207646, upload-time = "2025-01-29T04:15:38.082Z" },
]

[[package]]
name = "click"
version = "8.2.1"
source = { registry = "https://pypi.org/simple" }
dependencies = [
    { name = "colorama", marker = "sys_platform == 'win32'" },
]
sdist = { url = "https://files.pythonhosted.org/packages/60/6c/8ca2efa64cf75a977a0d7fac081354553ebe483345c734fb6b6515d96bbc/click-8.2.1.tar.gz", hash = "sha256:27c491cc05d968d271d5a1db13e3b5a184636d9d930f148c50b038f0d0646202", size = 286342, upload-time = "2025-05-20T23:19:49.832Z" }
wheels = [
    { url = "https://files.pythonhosted.org/packages/85/32/10bb5764d90a8eee674e9dc6f4db6a0ab47c8c4d0d83c27f7c39ac415a4d/click-8.2.1-py3-none-any.whl", hash = "sha256:61a3265b914e850b85317d0b3109c7f8cd35a670f963866005d6ef1d5175a12b", size = 102215, upload-time = "2025-05-20T23:19:47.796Z" },
]

[[package]]
name = "colorama"
version = "0.4.6"
source = { registry = "https://pypi.org/simple" }
sdist = { url = "https://files.pythonhosted.org/packages/d8/53/6f443c9a4a8358a93a6792e2acffb9d9d5cb0a5cfd8802644b7b1c9a02e4/colorama-0.4.6.tar.gz", hash = "sha256:08695f5cb7ed6e0531a20572697297273c47b8cae5a63ffc6d6ed5c201be6e44", size = 27697, upload-time = "2022-10-25T02:36:22.414Z" }
wheels = [
    { url = "https://files.pythonhosted.org/packages/d1/d6/3965ed04c63042e047cb6a3e6ed1a63a35087b6a609aa3a15ed8ac56c221/colorama-0.4.6-py2.py3-none-any.whl", hash = "sha256:4f1d9991f5acc0ca119f9d443620b77f9d6b33703e51011c16baf57afb285fc6", size = 25335, upload-time = "2022-10-25T02:36:20.889Z" },
]

[[package]]
name = "django"
version = "5.2.4"
source = { registry = "https://pypi.org/simple" }
dependencies = [
    { name = "asgiref" },
    { name = "sqlparse" },
    { name = "tzdata", marker = "sys_platform == 'win32'" },
]
sdist = { url = "https://files.pythonhosted.org/packages/9c/7e/034f0f9fb10c029a02daaf44d364d6bf2eced8c73f0d38c69da359d26b01/django-5.2.4.tar.gz", hash = "sha256:a1228c384f8fa13eebc015196db7b3e08722c5058d4758d20cb287503a540d8f", size = 10831909, upload-time = "2025-07-02T18:47:39.19Z" }
wheels = [
    { url = "https://files.pythonhosted.org/packages/14/ae/706965237a672434c8b520e89a818e8b047af94e9beb342d0bee405c26c7/django-5.2.4-py3-none-any.whl", hash = "sha256:60c35bd96201b10c6e7a78121bd0da51084733efa303cc19ead021ab179cef5e", size = 8302187, upload-time = "2025-07-02T18:47:35.373Z" },
]

[[package]]
name = "django-cors-headers"
version = "4.7.0"
source = { registry = "https://pypi.org/simple" }
dependencies = [
    { name = "asgiref" },
    { name = "django" },
]
sdist = { url = "https://files.pythonhosted.org/packages/93/6c/16f6cb6064c63074fd5b2bd494eb319afd846236d9c1a6c765946df2c289/django_cors_headers-4.7.0.tar.gz", hash = "sha256:6fdf31bf9c6d6448ba09ef57157db2268d515d94fc5c89a0a1028e1fc03ee52b", size = 21037, upload-time = "2025-02-06T22:15:28.924Z" }
wheels = [
    { url = "https://files.pythonhosted.org/packages/7e/a2/7bcfff86314bd9dd698180e31ba00604001606efb518a06cca6833a54285/django_cors_headers-4.7.0-py3-none-any.whl", hash = "sha256:f1c125dcd58479fe7a67fe2499c16ee38b81b397463cf025f0e2c42937421070", size = 12794, upload-time = "2025-02-06T22:15:24.341Z" },
]

[[package]]
name = "django-filter"
version = "24.1"
source = { registry = "https://pypi.org/simple" }
dependencies = [
    { name = "django" },
]
sdist = { url = "https://files.pythonhosted.org/packages/57/26/17d8bd1ea93b899857caf0283f6b8fa737bebe280738b9d4fb54be01b010/django-filter-24.1.tar.gz", hash = "sha256:65cb43ce272077e5ac6aae1054d76c121cd6b552e296a82a13921e9371baf8c1", size = 141809, upload-time = "2024-03-08T16:00:58.267Z" }
wheels = [
    { url = "https://files.pythonhosted.org/packages/93/96/8a973c1f45232ce3051ca0c7f40762ed61b1d67e337ae27825b2e53cf57f/django_filter-24.1-py3-none-any.whl", hash = "sha256:335bcae6cbd3e984b024841070f567b22faea57594f27d37c52f8f131f8d8621", size = 94502, upload-time = "2024-03-08T16:00:53.637Z" },
]

[[package]]
name = "djangorestframework"
version = "3.16.0"
source = { registry = "https://pypi.org/simple" }
dependencies = [
    { name = "django" },
]
sdist = { url = "https://files.pythonhosted.org/packages/7d/97/112c5a72e6917949b6d8a18ad6c6e72c46da4290c8f36ee5f1c1dcbc9901/djangorestframework-3.16.0.tar.gz", hash = "sha256:f022ff46613584de994c0c6a4aebbace5fd700555fbe9d33b865ebf173eba6c9", size = 1068408, upload-time = "2025-03-28T14:18:42.065Z" }
wheels = [
    { url = "https://files.pythonhosted.org/packages/eb/3e/2448e93f4f87fc9a9f35e73e3c05669e0edd0c2526834686e949bb1fd303/djangorestframework-3.16.0-py3-none-any.whl", hash = "sha256:bea7e9f6b96a8584c5224bfb2e4348dfb3f8b5e34edbecb98da258e892089361", size = 1067305, upload-time = "2025-03-28T14:18:39.489Z" },
]

[[package]]
name = "drf-spectacular"
version = "0.28.0"
source = { registry = "https://pypi.org/simple" }
dependencies = [
    { name = "django" },
    { name = "djangorestframework" },
    { name = "inflection" },
    { name = "jsonschema" },
    { name = "pyyaml" },
    { name = "uritemplate" },
]
sdist = { url = "https://files.pythonhosted.org/packages/da/b9/741056455aed00fa51a1df41fad5ad27c8e0d433b6bf490d4e60e2808bc6/drf_spectacular-0.28.0.tar.gz", hash = "sha256:2c778a47a40ab2f5078a7c42e82baba07397bb35b074ae4680721b2805943061", size = 237849, upload-time = "2024-11-30T08:49:02.355Z" }
wheels = [
    { url = "https://files.pythonhosted.org/packages/fb/66/c2929871393b1515c3767a670ff7d980a6882964a31a4ca2680b30d7212a/drf_spectacular-0.28.0-py3-none-any.whl", hash = "sha256:856e7edf1056e49a4245e87a61e8da4baff46c83dbc25be1da2df77f354c7cb4", size = 103928, upload-time = "2024-11-30T08:48:57.288Z" },
]

[[package]]
name = "flake8"
version = "7.3.0"
source = { registry = "https://pypi.org/simple" }
dependencies = [
    { name = "mccabe" },
    { name = "pycodestyle" },
    { name = "pyflakes" },
]
sdist = { url = "https://files.pythonhosted.org/packages/9b/af/fbfe3c4b5a657d79e5c47a2827a362f9e1b763336a52f926126aa6dc7123/flake8-7.3.0.tar.gz", hash = "sha256:fe044858146b9fc69b551a4b490d69cf960fcb78ad1edcb84e7fbb1b4a8e3872", size = 48326, upload-time = "2025-06-20T19:31:35.838Z" }
wheels = [
    { url = "https://files.pythonhosted.org/packages/9f/56/13ab06b4f93ca7cac71078fbe37fcea175d3216f31f85c3168a6bbd0bb9a/flake8-7.3.0-py2.py3-none-any.whl", hash = "sha256:b9696257b9ce8beb888cdbe31cf885c90d31928fe202be0889a7cdafad32f01e", size = 57922, upload-time = "2025-06-20T19:31:34.425Z" },
]

[[package]]
name = "inflection"
version = "0.5.1"
source = { registry = "https://pypi.org/simple" }
sdist = { url = "https://files.pythonhosted.org/packages/e1/7e/691d061b7329bc8d54edbf0ec22fbfb2afe61facb681f9aaa9bff7a27d04/inflection-0.5.1.tar.gz", hash = "sha256:1a29730d366e996aaacffb2f1f1cb9593dc38e2ddd30c91250c6dde09ea9b417", size = 15091, upload-time = "2020-08-22T08:16:29.139Z" }
wheels = [
    { url = "https://files.pythonhosted.org/packages/59/91/aa6bde563e0085a02a435aa99b49ef75b0a4b062635e606dab23ce18d720/inflection-0.5.1-py2.py3-none-any.whl", hash = "sha256:f38b2b640938a4f35ade69ac3d053042959b62a0f1076a5bbaa1b9526605a8a2", size = 9454, upload-time = "2020-08-22T08:16:27.816Z" },
]

[[package]]
name = "jsonschema"
version = "4.25.1"
source = { registry = "https://pypi.org/simple" }
dependencies = [
    { name = "attrs" },
    { name = "jsonschema-specifications" },
    { name = "referencing" },
    { name = "rpds-py" },
]
sdist = { url = "https://files.pythonhosted.org/packages/74/69/f7185de793a29082a9f3c7728268ffb31cb5095131a9c139a74078e27336/jsonschema-4.25.1.tar.gz", hash = "sha256:e4a9655ce0da0c0b67a085847e00a3a51449e1157f4f75e9fb5aa545e122eb85", size = 357342, upload-time = "2025-08-18T17:03:50.038Z" }
wheels = [
    { url = "https://files.pythonhosted.org/packages/bf/9c/8c95d856233c1f82500c2450b8c68576b4cf1c871db3afac5c34ff84e6fd/jsonschema-4.25.1-py3-none-any.whl", hash = "sha256:3fba0169e345c7175110351d456342c364814cfcf3b964ba4587f22915230a63", size = 90040, upload-time = "2025-08-18T17:03:48.373Z" },
]

[[package]]
name = "jsonschema-specifications"
version = "2025.4.1"
source = { registry = "https://pypi.org/simple" }
dependencies = [
    { name = "referencing" },
]
sdist = { url = "https://files.pythonhosted.org/packages/bf/ce/46fbd9c8119cfc3581ee5643ea49464d168028cfb5caff5fc0596d0cf914/jsonschema_specifications-2025.4.1.tar.gz", hash = "sha256:630159c9f4dbea161a6a2205c3011cc4f18ff381b189fff48bb39b9bf26ae608", size = 15513, upload-time = "2025-04-23T12:34:07.418Z" }
wheels = [
    { url = "https://files.pythonhosted.org/packages/01/0e/b27cdbaccf30b890c40ed1da9fd4a3593a5cf94dae54fb34f8a4b74fcd3f/jsonschema_specifications-2025.4.1-py3-none-any.whl", hash = "sha256:4653bffbd6584f7de83a67e0d620ef16900b390ddc7939d56684d6c81e33f1af", size = 18437, upload-time = "2025-04-23T12:34:05.422Z" },
]

[[package]]
name = "markdown"
version = "3.8.2"
source = { registry = "https://pypi.org/simple" }
sdist = { url = "https://files.pythonhosted.org/packages/d7/c2/4ab49206c17f75cb08d6311171f2d65798988db4360c4d1485bd0eedd67c/markdown-3.8.2.tar.gz", hash = "sha256:247b9a70dd12e27f67431ce62523e675b866d254f900c4fe75ce3dda62237c45", size = 362071, upload-time = "2025-06-19T17:12:44.483Z" }
wheels = [
    { url = "https://files.pythonhosted.org/packages/96/2b/34cc11786bc00d0f04d0f5fdc3a2b1ae0b6239eef72d3d345805f9ad92a1/markdown-3.8.2-py3-none-any.whl", hash = "sha256:5c83764dbd4e00bdd94d85a19b8d55ccca20fe35b2e678a1422b380324dd5f24", size = 106827, upload-time = "2025-06-19T17:12:42.994Z" },
]

[[package]]
name = "mccabe"
version = "0.7.0"
source = { registry = "https://pypi.org/simple" }
sdist = { url = "https://files.pythonhosted.org/packages/e7/ff/0ffefdcac38932a54d2b5eed4e0ba8a408f215002cd178ad1df0f2806ff8/mccabe-0.7.0.tar.gz", hash = "sha256:348e0240c33b60bbdf4e523192ef919f28cb2c3d7d5c7794f74009290f236325", size = 9658, upload-time = "2022-01-24T01:14:51.113Z" }
wheels = [
    { url = "https://files.pythonhosted.org/packages/27/1a/1f68f9ba0c207934b35b86a8ca3aad8395a3d6dd7921c0686e23853ff5a9/mccabe-0.7.0-py2.py3-none-any.whl", hash = "sha256:6c2d30ab6be0e4a46919781807b4f0d834ebdd6c6e3dca0bda5a15f863427b6e", size = 7350, upload-time = "2022-01-24T01:14:49.62Z" },
]

[[package]]
name = "mypy-extensions"
version = "1.1.0"
source = { registry = "https://pypi.org/simple" }
sdist = { url = "https://files.pythonhosted.org/packages/a2/6e/371856a3fb9d31ca8dac321cda606860fa4548858c0cc45d9d1d4ca2628b/mypy_extensions-1.1.0.tar.gz", hash = "sha256:52e68efc3284861e772bbcd66823fde5ae21fd2fdb51c62a211403730b916558", size = 6343, upload-time = "2025-04-22T14:54:24.164Z" }
wheels = [
    { url = "https://files.pythonhosted.org/packages/79/7b/2c79738432f5c924bef5071f933bcc9efd0473bac3b4aa584a6f7c1c8df8/mypy_extensions-1.1.0-py3-none-any.whl", hash = "sha256:1be4cccdb0f2482337c4743e60421de3a356cd97508abadd57d47403e94f5505", size = 4963, upload-time = "2025-04-22T14:54:22.983Z" },
]

[[package]]
name = "packaging"
version = "25.0"
source = { registry = "https://pypi.org/simple" }
sdist = { url = "https://files.pythonhosted.org/packages/a1/d4/1fc4078c65507b51b96ca8f8c3ba19e6a61c8253c72794544580a7b6c24d/packaging-25.0.tar.gz", hash = "sha256:d443872c98d677bf60f6a1f2f8c1cb748e8fe762d2bf9d3148b5599295b0fc4f", size = 165727, upload-time = "2025-04-19T11:48:59.673Z" }
wheels = [
    { url = "https://files.pythonhosted.org/packages/20/12/38679034af332785aac8774540895e234f4d07f7545804097de4b666afd8/packaging-25.0-py3-none-any.whl", hash = "sha256:29572ef2b1f17581046b3a2227d5c611fb25ec70ca1ba8554b24b0e69331a484", size = 66469, upload-time = "2025-04-19T11:48:57.875Z" },
]

[[package]]
name = "pathspec"
version = "0.12.1"
source = { registry = "https://pypi.org/simple" }
sdist = { url = "https://files.pythonhosted.org/packages/ca/bc/f35b8446f4531a7cb215605d100cd88b7ac6f44ab3fc94870c120ab3adbf/pathspec-0.12.1.tar.gz", hash = "sha256:a482d51503a1ab33b1c67a6c3813a26953dbdc71c31dacaef9a838c4e29f5712", size = 51043, upload-time = "2023-12-10T22:30:45Z" }
wheels = [
    { url = "https://files.pythonhosted.org/packages/cc/20/ff623b09d963f88bfde16306a54e12ee5ea43e9b597108672ff3a408aad6/pathspec-0.12.1-py3-none-any.whl", hash = "sha256:a0d503e138a4c123b27490a4f7beda6a01c6f288df0e4a8b79c7eb0dc7b4cc08", size = 31191, upload-time = "2023-12-10T22:30:43.14Z" },
]

[[package]]
name = "platformdirs"
version = "4.3.8"
source = { registry = "https://pypi.org/simple" }
sdist = { url = "https://files.pythonhosted.org/packages/fe/8b/3c73abc9c759ecd3f1f7ceff6685840859e8070c4d947c93fae71f6a0bf2/platformdirs-4.3.8.tar.gz", hash = "sha256:3d512d96e16bcb959a814c9f348431070822a6496326a4be0911c40b5a74c2bc", size = 21362, upload-time = "2025-05-07T22:47:42.121Z" }
wheels = [
    { url = "https://files.pythonhosted.org/packages/fe/39/979e8e21520d4e47a0bbe349e2713c0aac6f3d853d0e5b34d76206c439aa/platformdirs-4.3.8-py3-none-any.whl", hash = "sha256:ff7059bb7eb1179e2685604f4aaf157cfd9535242bd23742eadc3c13542139b4", size = 18567, upload-time = "2025-05-07T22:47:40.376Z" },
]

[[package]]
name = "pycodestyle"
version = "2.14.0"
source = { registry = "https://pypi.org/simple" }
sdist = { url = "https://files.pythonhosted.org/packages/11/e0/abfd2a0d2efe47670df87f3e3a0e2edda42f055053c85361f19c0e2c1ca8/pycodestyle-2.14.0.tar.gz", hash = "sha256:c4b5b517d278089ff9d0abdec919cd97262a3367449ea1c8b49b91529167b783", size = 39472, upload-time = "2025-06-20T18:49:48.75Z" }
wheels = [
    { url = "https://files.pythonhosted.org/packages/d7/27/a58ddaf8c588a3ef080db9d0b7e0b97215cee3a45df74f3a94dbbf5c893a/pycodestyle-2.14.0-py2.py3-none-any.whl", hash = "sha256:dd6bf7cb4ee77f8e016f9c8e74a35ddd9f67e1d5fd4184d86c3b98e07099f42d", size = 31594, upload-time = "2025-06-20T18:49:47.491Z" },
]

[[package]]
name = "pyflakes"
version = "3.4.0"
source = { registry = "https://pypi.org/simple" }
sdist = { url = "https://files.pythonhosted.org/packages/45/dc/fd034dc20b4b264b3d015808458391acbf9df40b1e54750ef175d39180b1/pyflakes-3.4.0.tar.gz", hash = "sha256:b24f96fafb7d2ab0ec5075b7350b3d2d2218eab42003821c06344973d3ea2f58", size = 64669, upload-time = "2025-06-20T18:45:27.834Z" }
wheels = [
    { url = "https://files.pythonhosted.org/packages/c2/2f/81d580a0fb83baeb066698975cb14a618bdbed7720678566f1b046a95fe8/pyflakes-3.4.0-py2.py3-none-any.whl", hash = "sha256:f742a7dbd0d9cb9ea41e9a24a918996e8170c799fa528688d40dd582c8265f4f", size = 63551, upload-time = "2025-06-20T18:45:26.937Z" },
]

[[package]]
name = "python-dotenv"
version = "1.1.1"
source = { registry = "https://pypi.org/simple" }
sdist = { url = "https://files.pythonhosted.org/packages/f6/b0/4bc07ccd3572a2f9df7e6782f52b0c6c90dcbb803ac4a167702d7d0dfe1e/python_dotenv-1.1.1.tar.gz", hash = "sha256:a8a6399716257f45be6a007360200409fce5cda2661e3dec71d23dc15f6189ab", size = 41978, upload-time = "2025-06-24T04:21:07.341Z" }
wheels = [
    { url = "https://files.pythonhosted.org/packages/5f/ed/539768cf28c661b5b068d66d96a2f155c4971a5d55684a514c1a0e0dec2f/python_dotenv-1.1.1-py3-none-any.whl", hash = "sha256:31f23644fe2602f88ff55e1f5c79ba497e01224ee7737937930c448e4d0e24dc", size = 20556, upload-time = "2025-06-24T04:21:06.073Z" },
]

[[package]]
name = "pyyaml"
version = "6.0.2"
source = { registry = "https://pypi.org/simple" }
sdist = { url = "https://files.pythonhosted.org/packages/54/ed/79a089b6be93607fa5cdaedf301d7dfb23af5f25c398d5ead2525b063e17/pyyaml-6.0.2.tar.gz", hash = "sha256:d584d9ec91ad65861cc08d42e834324ef890a082e591037abe114850ff7bbc3e", size = 130631, upload-time = "2024-08-06T20:33:50.674Z" }
wheels = [
    { url = "https://files.pythonhosted.org/packages/ef/e3/3af305b830494fa85d95f6d95ef7fa73f2ee1cc8ef5b495c7c3269fb835f/PyYAML-6.0.2-cp313-cp313-macosx_10_13_x86_64.whl", hash = "sha256:efdca5630322a10774e8e98e1af481aad470dd62c3170801852d752aa7a783ba", size = 181309, upload-time = "2024-08-06T20:32:43.4Z" },
    { url = "https://files.pythonhosted.org/packages/45/9f/3b1c20a0b7a3200524eb0076cc027a970d320bd3a6592873c85c92a08731/PyYAML-6.0.2-cp313-cp313-macosx_11_0_arm64.whl", hash = "sha256:50187695423ffe49e2deacb8cd10510bc361faac997de9efef88badc3bb9e2d1", size = 171679, upload-time = "2024-08-06T20:32:44.801Z" },
    { url = "https://files.pythonhosted.org/packages/7c/9a/337322f27005c33bcb656c655fa78325b730324c78620e8328ae28b64d0c/PyYAML-6.0.2-cp313-cp313-manylinux_2_17_aarch64.manylinux2014_aarch64.whl", hash = "sha256:0ffe8360bab4910ef1b9e87fb812d8bc0a308b0d0eef8c8f44e0254ab3b07133", size = 733428, upload-time = "2024-08-06T20:32:46.432Z" },
    { url = "https://files.pythonhosted.org/packages/a3/69/864fbe19e6c18ea3cc196cbe5d392175b4cf3d5d0ac1403ec3f2d237ebb5/PyYAML-6.0.2-cp313-cp313-manylinux_2_17_s390x.manylinux2014_s390x.whl", hash = "sha256:17e311b6c678207928d649faa7cb0d7b4c26a0ba73d41e99c4fff6b6c3276484", size = 763361, upload-time = "2024-08-06T20:32:51.188Z" },
    { url = "https://files.pythonhosted.org/packages/04/24/b7721e4845c2f162d26f50521b825fb061bc0a5afcf9a386840f23ea19fa/PyYAML-6.0.2-cp313-cp313-manylinux_2_17_x86_64.manylinux2014_x86_64.whl", hash = "sha256:70b189594dbe54f75ab3a1acec5f1e3faa7e8cf2f1e08d9b561cb41b845f69d5", size = 759523, upload-time = "2024-08-06T20:32:53.019Z" },
    { url = "https://files.pythonhosted.org/packages/2b/b2/e3234f59ba06559c6ff63c4e10baea10e5e7df868092bf9ab40e5b9c56b6/PyYAML-6.0.2-cp313-cp313-musllinux_1_1_aarch64.whl", hash = "sha256:41e4e3953a79407c794916fa277a82531dd93aad34e29c2a514c2c0c5fe971cc", size = 726660, upload-time = "2024-08-06T20:32:54.708Z" },
    { url = "https://files.pythonhosted.org/packages/fe/0f/25911a9f080464c59fab9027482f822b86bf0608957a5fcc6eaac85aa515/PyYAML-6.0.2-cp313-cp313-musllinux_1_1_x86_64.whl", hash = "sha256:68ccc6023a3400877818152ad9a1033e3db8625d899c72eacb5a668902e4d652", size = 751597, upload-time = "2024-08-06T20:32:56.985Z" },
    { url = "https://files.pythonhosted.org/packages/14/0d/e2c3b43bbce3cf6bd97c840b46088a3031085179e596d4929729d8d68270/PyYAML-6.0.2-cp313-cp313-win32.whl", hash = "sha256:bc2fa7c6b47d6bc618dd7fb02ef6fdedb1090ec036abab80d4681424b84c1183", size = 140527, upload-time = "2024-08-06T20:33:03.001Z" },
    { url = "https://files.pythonhosted.org/packages/fa/de/02b54f42487e3d3c6efb3f89428677074ca7bf43aae402517bc7cca949f3/PyYAML-6.0.2-cp313-cp313-win_amd64.whl", hash = "sha256:8388ee1976c416731879ac16da0aff3f63b286ffdd57cdeb95f3f2e085687563", size = 156446, upload-time = "2024-08-06T20:33:04.33Z" },
]

[[package]]
name = "referencing"
version = "0.36.2"
source = { registry = "https://pypi.org/simple" }
dependencies = [
    { name = "attrs" },
    { name = "rpds-py" },
]
sdist = { url = "https://files.pythonhosted.org/packages/2f/db/98b5c277be99dd18bfd91dd04e1b759cad18d1a338188c936e92f921c7e2/referencing-0.36.2.tar.gz", hash = "sha256:df2e89862cd09deabbdba16944cc3f10feb6b3e6f18e902f7cc25609a34775aa", size = 74744, upload-time = "2025-01-25T08:48:16.138Z" }
wheels = [
    { url = "https://files.pythonhosted.org/packages/c1/b1/3baf80dc6d2b7bc27a95a67752d0208e410351e3feb4eb78de5f77454d8d/referencing-0.36.2-py3-none-any.whl", hash = "sha256:e8699adbbf8b5c7de96d8ffa0eb5c158b3beafce084968e2ea8bb08c6794dcd0", size = 26775, upload-time = "2025-01-25T08:48:14.241Z" },
]

[[package]]
name = "rpds-py"
version = "0.27.0"
source = { registry = "https://pypi.org/simple" }
sdist = { url = "https://files.pythonhosted.org/packages/1e/d9/991a0dee12d9fc53ed027e26a26a64b151d77252ac477e22666b9688bc16/rpds_py-0.27.0.tar.gz", hash = "sha256:8b23cf252f180cda89220b378d917180f29d313cd6a07b2431c0d3b776aae86f", size = 27420, upload-time = "2025-08-07T08:26:39.624Z" }
wheels = [
    { url = "https://files.pythonhosted.org/packages/81/d2/dfdfd42565a923b9e5a29f93501664f5b984a802967d48d49200ad71be36/rpds_py-0.27.0-cp313-cp313-macosx_10_12_x86_64.whl", hash = "sha256:443d239d02d9ae55b74015234f2cd8eb09e59fbba30bf60baeb3123ad4c6d5ff", size = 362133, upload-time = "2025-08-07T08:24:04.508Z" },
    { url = "https://files.pythonhosted.org/packages/ac/4a/0a2e2460c4b66021d349ce9f6331df1d6c75d7eea90df9785d333a49df04/rpds_py-0.27.0-cp313-cp313-macosx_11_0_arm64.whl", hash = "sha256:b8a7acf04fda1f30f1007f3cc96d29d8cf0a53e626e4e1655fdf4eabc082d367", size = 347128, upload-time = "2025-08-07T08:24:05.695Z" },
    { url = "https://files.pythonhosted.org/packages/35/8d/7d1e4390dfe09d4213b3175a3f5a817514355cb3524593380733204f20b9/rpds_py-0.27.0-cp313-cp313-manylinux_2_17_aarch64.manylinux2014_aarch64.whl", hash = "sha256:9d0f92b78cfc3b74a42239fdd8c1266f4715b573204c234d2f9fc3fc7a24f185", size = 384027, upload-time = "2025-08-07T08:24:06.841Z" },
    { url = "https://files.pythonhosted.org/packages/c1/65/78499d1a62172891c8cd45de737b2a4b84a414b6ad8315ab3ac4945a5b61/rpds_py-0.27.0-cp313-cp313-manylinux_2_17_armv7l.manylinux2014_armv7l.whl", hash = "sha256:ce4ed8e0c7dbc5b19352b9c2c6131dd23b95fa8698b5cdd076307a33626b72dc", size = 399973, upload-time = "2025-08-07T08:24:08.143Z" },
    { url = "https://files.pythonhosted.org/packages/10/a1/1c67c1d8cc889107b19570bb01f75cf49852068e95e6aee80d22915406fc/rpds_py-0.27.0-cp313-cp313-manylinux_2_17_ppc64le.manylinux2014_ppc64le.whl", hash = "sha256:fde355b02934cc6b07200cc3b27ab0c15870a757d1a72fd401aa92e2ea3c6bfe", size = 515295, upload-time = "2025-08-07T08:24:09.711Z" },
    { url = "https://files.pythonhosted.org/packages/df/27/700ec88e748436b6c7c4a2262d66e80f8c21ab585d5e98c45e02f13f21c0/rpds_py-0.27.0-cp313-cp313-manylinux_2_17_s390x.manylinux2014_s390x.whl", hash = "sha256:13bbc4846ae4c993f07c93feb21a24d8ec637573d567a924b1001e81c8ae80f9", size = 406737, upload-time = "2025-08-07T08:24:11.182Z" },
    { url = "https://files.pythonhosted.org/packages/33/cc/6b0ee8f0ba3f2df2daac1beda17fde5cf10897a7d466f252bd184ef20162/rpds_py-0.27.0-cp313-cp313-manylinux_2_17_x86_64.manylinux2014_x86_64.whl", hash = "sha256:be0744661afbc4099fef7f4e604e7f1ea1be1dd7284f357924af12a705cc7d5c", size = 385898, upload-time = "2025-08-07T08:24:12.798Z" },
    { url = "https://files.pythonhosted.org/packages/e8/7e/c927b37d7d33c0a0ebf249cc268dc2fcec52864c1b6309ecb960497f2285/rpds_py-0.27.0-cp313-cp313-manylinux_2_31_riscv64.whl", hash = "sha256:069e0384a54f427bd65d7fda83b68a90606a3835901aaff42185fcd94f5a9295", size = 405785, upload-time = "2025-08-07T08:24:14.906Z" },
    { url = "https://files.pythonhosted.org/packages/5b/d2/8ed50746d909dcf402af3fa58b83d5a590ed43e07251d6b08fad1a535ba6/rpds_py-0.27.0-cp313-cp313-manylinux_2_5_i686.manylinux1_i686.whl", hash = "sha256:4bc262ace5a1a7dc3e2eac2fa97b8257ae795389f688b5adf22c5db1e2431c43", size = 419760, upload-time = "2025-08-07T08:24:16.129Z" },
    { url = "https://files.pythonhosted.org/packages/d3/60/2b2071aee781cb3bd49f94d5d35686990b925e9b9f3e3d149235a6f5d5c1/rpds_py-0.27.0-cp313-cp313-musllinux_1_2_aarch64.whl", hash = "sha256:2fe6e18e5c8581f0361b35ae575043c7029d0a92cb3429e6e596c2cdde251432", size = 561201, upload-time = "2025-08-07T08:24:17.645Z" },
    { url = "https://files.pythonhosted.org/packages/98/1f/27b67304272521aaea02be293fecedce13fa351a4e41cdb9290576fc6d81/rpds_py-0.27.0-cp313-cp313-musllinux_1_2_i686.whl", hash = "sha256:d93ebdb82363d2e7bec64eecdc3632b59e84bd270d74fe5be1659f7787052f9b", size = 591021, upload-time = "2025-08-07T08:24:18.999Z" },
    { url = "https://files.pythonhosted.org/packages/db/9b/a2fadf823164dd085b1f894be6443b0762a54a7af6f36e98e8fcda69ee50/rpds_py-0.27.0-cp313-cp313-musllinux_1_2_x86_64.whl", hash = "sha256:0954e3a92e1d62e83a54ea7b3fdc9efa5d61acef8488a8a3d31fdafbfb00460d", size = 556368, upload-time = "2025-08-07T08:24:20.54Z" },
    { url = "https://files.pythonhosted.org/packages/24/f3/6d135d46a129cda2e3e6d4c5e91e2cc26ea0428c6cf152763f3f10b6dd05/rpds_py-0.27.0-cp313-cp313-win32.whl", hash = "sha256:2cff9bdd6c7b906cc562a505c04a57d92e82d37200027e8d362518df427f96cd", size = 221236, upload-time = "2025-08-07T08:24:22.144Z" },
    { url = "https://files.pythonhosted.org/packages/c5/44/65d7494f5448ecc755b545d78b188440f81da98b50ea0447ab5ebfdf9bd6/rpds_py-0.27.0-cp313-cp313-win_amd64.whl", hash = "sha256:dc79d192fb76fc0c84f2c58672c17bbbc383fd26c3cdc29daae16ce3d927e8b2", size = 232634, upload-time = "2025-08-07T08:24:23.642Z" },
    { url = "https://files.pythonhosted.org/packages/70/d9/23852410fadab2abb611733933401de42a1964ce6600a3badae35fbd573e/rpds_py-0.27.0-cp313-cp313-win_arm64.whl", hash = "sha256:5b3a5c8089eed498a3af23ce87a80805ff98f6ef8f7bdb70bd1b7dae5105f6ac", size = 222783, upload-time = "2025-08-07T08:24:25.098Z" },
    { url = "https://files.pythonhosted.org/packages/15/75/03447917f78512b34463f4ef11066516067099a0c466545655503bed0c77/rpds_py-0.27.0-cp313-cp313t-macosx_10_12_x86_64.whl", hash = "sha256:90fb790138c1a89a2e58c9282fe1089638401f2f3b8dddd758499041bc6e0774", size = 359154, upload-time = "2025-08-07T08:24:26.249Z" },
    { url = "https://files.pythonhosted.org/packages/6b/fc/4dac4fa756451f2122ddaf136e2c6aeb758dc6fdbe9ccc4bc95c98451d50/rpds_py-0.27.0-cp313-cp313t-macosx_11_0_arm64.whl", hash = "sha256:010c4843a3b92b54373e3d2291a7447d6c3fc29f591772cc2ea0e9f5c1da434b", size = 343909, upload-time = "2025-08-07T08:24:27.405Z" },
    { url = "https://files.pythonhosted.org/packages/7b/81/723c1ed8e6f57ed9d8c0c07578747a2d3d554aaefc1ab89f4e42cfeefa07/rpds_py-0.27.0-cp313-cp313t-manylinux_2_17_aarch64.manylinux2014_aarch64.whl", hash = "sha256:c9ce7a9e967afc0a2af7caa0d15a3e9c1054815f73d6a8cb9225b61921b419bd", size = 379340, upload-time = "2025-08-07T08:24:28.714Z" },
    { url = "https://files.pythonhosted.org/packages/98/16/7e3740413de71818ce1997df82ba5f94bae9fff90c0a578c0e24658e6201/rpds_py-0.27.0-cp313-cp313t-manylinux_2_17_armv7l.manylinux2014_armv7l.whl", hash = "sha256:aa0bf113d15e8abdfee92aa4db86761b709a09954083afcb5bf0f952d6065fdb", size = 391655, upload-time = "2025-08-07T08:24:30.223Z" },
    { url = "https://files.pythonhosted.org/packages/e0/63/2a9f510e124d80660f60ecce07953f3f2d5f0b96192c1365443859b9c87f/rpds_py-0.27.0-cp313-cp313t-manylinux_2_17_ppc64le.manylinux2014_ppc64le.whl", hash = "sha256:eb91d252b35004a84670dfeafadb042528b19842a0080d8b53e5ec1128e8f433", size = 513017, upload-time = "2025-08-07T08:24:31.446Z" },
    { url = "https://files.pythonhosted.org/packages/2c/4e/cf6ff311d09776c53ea1b4f2e6700b9d43bb4e99551006817ade4bbd6f78/rpds_py-0.27.0-cp313-cp313t-manylinux_2_17_s390x.manylinux2014_s390x.whl", hash = "sha256:db8a6313dbac934193fc17fe7610f70cd8181c542a91382531bef5ed785e5615", size = 402058, upload-time = "2025-08-07T08:24:32.613Z" },
    { url = "https://files.pythonhosted.org/packages/88/11/5e36096d474cb10f2a2d68b22af60a3bc4164fd8db15078769a568d9d3ac/rpds_py-0.27.0-cp313-cp313t-manylinux_2_17_x86_64.manylinux2014_x86_64.whl", hash = "sha256:ce96ab0bdfcef1b8c371ada2100767ace6804ea35aacce0aef3aeb4f3f499ca8", size = 383474, upload-time = "2025-08-07T08:24:33.767Z" },
    { url = "https://files.pythonhosted.org/packages/db/a2/3dff02805b06058760b5eaa6d8cb8db3eb3e46c9e452453ad5fc5b5ad9fe/rpds_py-0.27.0-cp313-cp313t-manylinux_2_31_riscv64.whl", hash = "sha256:7451ede3560086abe1aa27dcdcf55cd15c96b56f543fb12e5826eee6f721f858", size = 400067, upload-time = "2025-08-07T08:24:35.021Z" },
    { url = "https://files.pythonhosted.org/packages/67/87/eed7369b0b265518e21ea836456a4ed4a6744c8c12422ce05bce760bb3cf/rpds_py-0.27.0-cp313-cp313t-manylinux_2_5_i686.manylinux1_i686.whl", hash = "sha256:32196b5a99821476537b3f7732432d64d93a58d680a52c5e12a190ee0135d8b5", size = 412085, upload-time = "2025-08-07T08:24:36.267Z" },
    { url = "https://files.pythonhosted.org/packages/8b/48/f50b2ab2fbb422fbb389fe296e70b7a6b5ea31b263ada5c61377e710a924/rpds_py-0.27.0-cp313-cp313t-musllinux_1_2_aarch64.whl", hash = "sha256:a029be818059870664157194e46ce0e995082ac49926f1423c1f058534d2aaa9", size = 555928, upload-time = "2025-08-07T08:24:37.573Z" },
    { url = "https://files.pythonhosted.org/packages/98/41/b18eb51045d06887666c3560cd4bbb6819127b43d758f5adb82b5f56f7d1/rpds_py-0.27.0-cp313-cp313t-musllinux_1_2_i686.whl", hash = "sha256:3841f66c1ffdc6cebce8aed64e36db71466f1dc23c0d9a5592e2a782a3042c79", size = 585527, upload-time = "2025-08-07T08:24:39.391Z" },
    { url = "https://files.pythonhosted.org/packages/be/03/a3dd6470fc76499959b00ae56295b76b4bdf7c6ffc60d62006b1217567e1/rpds_py-0.27.0-cp313-cp313t-musllinux_1_2_x86_64.whl", hash = "sha256:42894616da0fc0dcb2ec08a77896c3f56e9cb2f4b66acd76fc8992c3557ceb1c", size = 554211, upload-time = "2025-08-07T08:24:40.6Z" },
    { url = "https://files.pythonhosted.org/packages/bf/d1/ee5fd1be395a07423ac4ca0bcc05280bf95db2b155d03adefeb47d5ebf7e/rpds_py-0.27.0-cp313-cp313t-win32.whl", hash = "sha256:b1fef1f13c842a39a03409e30ca0bf87b39a1e2a305a9924deadb75a43105d23", size = 216624, upload-time = "2025-08-07T08:24:42.204Z" },
    { url = "https://files.pythonhosted.org/packages/1c/94/4814c4c858833bf46706f87349c37ca45e154da7dbbec9ff09f1abeb08cc/rpds_py-0.27.0-cp313-cp313t-win_amd64.whl", hash = "sha256:183f5e221ba3e283cd36fdfbe311d95cd87699a083330b4f792543987167eff1", size = 230007, upload-time = "2025-08-07T08:24:43.329Z" },
    { url = "https://files.pythonhosted.org/packages/0e/a5/8fffe1c7dc7c055aa02df310f9fb71cfc693a4d5ccc5de2d3456ea5fb022/rpds_py-0.27.0-cp314-cp314-macosx_10_12_x86_64.whl", hash = "sha256:f3cd110e02c5bf17d8fb562f6c9df5c20e73029d587cf8602a2da6c5ef1e32cb", size = 362595, upload-time = "2025-08-07T08:24:44.478Z" },
    { url = "https://files.pythonhosted.org/packages/bc/c7/4e4253fd2d4bb0edbc0b0b10d9f280612ca4f0f990e3c04c599000fe7d71/rpds_py-0.27.0-cp314-cp314-macosx_11_0_arm64.whl", hash = "sha256:8d0e09cf4863c74106b5265c2c310f36146e2b445ff7b3018a56799f28f39f6f", size = 347252, upload-time = "2025-08-07T08:24:45.678Z" },
    { url = "https://files.pythonhosted.org/packages/f3/c8/3d1a954d30f0174dd6baf18b57c215da03cf7846a9d6e0143304e784cddc/rpds_py-0.27.0-cp314-cp314-manylinux_2_17_aarch64.manylinux2014_aarch64.whl", hash = "sha256:64f689ab822f9b5eb6dfc69893b4b9366db1d2420f7db1f6a2adf2a9ca15ad64", size = 384886, upload-time = "2025-08-07T08:24:46.86Z" },
    { url = "https://files.pythonhosted.org/packages/e0/52/3c5835f2df389832b28f9276dd5395b5a965cea34226e7c88c8fbec2093c/rpds_py-0.27.0-cp314-cp314-manylinux_2_17_armv7l.manylinux2014_armv7l.whl", hash = "sha256:e36c80c49853b3ffda7aa1831bf175c13356b210c73128c861f3aa93c3cc4015", size = 399716, upload-time = "2025-08-07T08:24:48.174Z" },
    { url = "https://files.pythonhosted.org/packages/40/73/176e46992461a1749686a2a441e24df51ff86b99c2d34bf39f2a5273b987/rpds_py-0.27.0-cp314-cp314-manylinux_2_17_ppc64le.manylinux2014_ppc64le.whl", hash = "sha256:6de6a7f622860af0146cb9ee148682ff4d0cea0b8fd3ad51ce4d40efb2f061d0", size = 517030, upload-time = "2025-08-07T08:24:49.52Z" },
    { url = "https://files.pythonhosted.org/packages/79/2a/7266c75840e8c6e70effeb0d38922a45720904f2cd695e68a0150e5407e2/rpds_py-0.27.0-cp314-cp314-manylinux_2_17_s390x.manylinux2014_s390x.whl", hash = "sha256:4045e2fc4b37ec4b48e8907a5819bdd3380708c139d7cc358f03a3653abedb89", size = 408448, upload-time = "2025-08-07T08:24:50.727Z" },
    { url = "https://files.pythonhosted.org/packages/e6/5f/a7efc572b8e235093dc6cf39f4dbc8a7f08e65fdbcec7ff4daeb3585eef1/rpds_py-0.27.0-cp314-cp314-manylinux_2_17_x86_64.manylinux2014_x86_64.whl", hash = "sha256:9da162b718b12c4219eeeeb68a5b7552fbc7aadedf2efee440f88b9c0e54b45d", size = 387320, upload-time = "2025-08-07T08:24:52.004Z" },
    { url = "https://files.pythonhosted.org/packages/a2/eb/9ff6bc92efe57cf5a2cb74dee20453ba444b6fdc85275d8c99e0d27239d1/rpds_py-0.27.0-cp314-cp314-manylinux_2_31_riscv64.whl", hash = "sha256:0665be515767dc727ffa5f74bd2ef60b0ff85dad6bb8f50d91eaa6b5fb226f51", size = 407414, upload-time = "2025-08-07T08:24:53.664Z" },
    { url = "https://files.pythonhosted.org/packages/fb/bd/3b9b19b00d5c6e1bd0f418c229ab0f8d3b110ddf7ec5d9d689ef783d0268/rpds_py-0.27.0-cp314-cp314-manylinux_2_5_i686.manylinux1_i686.whl", hash = "sha256:203f581accef67300a942e49a37d74c12ceeef4514874c7cede21b012613ca2c", size = 420766, upload-time = "2025-08-07T08:24:55.917Z" },
    { url = "https://files.pythonhosted.org/packages/17/6b/521a7b1079ce16258c70805166e3ac6ec4ee2139d023fe07954dc9b2d568/rpds_py-0.27.0-cp314-cp314-musllinux_1_2_aarch64.whl", hash = "sha256:7873b65686a6471c0037139aa000d23fe94628e0daaa27b6e40607c90e3f5ec4", size = 562409, upload-time = "2025-08-07T08:24:57.17Z" },
    { url = "https://files.pythonhosted.org/packages/8b/bf/65db5bfb14ccc55e39de8419a659d05a2a9cd232f0a699a516bb0991da7b/rpds_py-0.27.0-cp314-cp314-musllinux_1_2_i686.whl", hash = "sha256:249ab91ceaa6b41abc5f19513cb95b45c6f956f6b89f1fe3d99c81255a849f9e", size = 590793, upload-time = "2025-08-07T08:24:58.388Z" },
    { url = "https://files.pythonhosted.org/packages/db/b8/82d368b378325191ba7aae8f40f009b78057b598d4394d1f2cdabaf67b3f/rpds_py-0.27.0-cp314-cp314-musllinux_1_2_x86_64.whl", hash = "sha256:d2f184336bc1d6abfaaa1262ed42739c3789b1e3a65a29916a615307d22ffd2e", size = 558178, upload-time = "2025-08-07T08:24:59.756Z" },
    { url = "https://files.pythonhosted.org/packages/f6/ff/f270bddbfbc3812500f8131b1ebbd97afd014cd554b604a3f73f03133a36/rpds_py-0.27.0-cp314-cp314-win32.whl", hash = "sha256:d3c622c39f04d5751408f5b801ecb527e6e0a471b367f420a877f7a660d583f6", size = 222355, upload-time = "2025-08-07T08:25:01.027Z" },
    { url = "https://files.pythonhosted.org/packages/bf/20/fdab055b1460c02ed356a0e0b0a78c1dd32dc64e82a544f7b31c9ac643dc/rpds_py-0.27.0-cp314-cp314-win_amd64.whl", hash = "sha256:cf824aceaeffff029ccfba0da637d432ca71ab21f13e7f6f5179cd88ebc77a8a", size = 234007, upload-time = "2025-08-07T08:25:02.268Z" },
    { url = "https://files.pythonhosted.org/packages/4d/a8/694c060005421797a3be4943dab8347c76c2b429a9bef68fb2c87c9e70c7/rpds_py-0.27.0-cp314-cp314-win_arm64.whl", hash = "sha256:86aca1616922b40d8ac1b3073a1ead4255a2f13405e5700c01f7c8d29a03972d", size = 223527, upload-time = "2025-08-07T08:25:03.45Z" },
    { url = "https://files.pythonhosted.org/packages/1e/f9/77f4c90f79d2c5ca8ce6ec6a76cb4734ee247de6b3a4f337e289e1f00372/rpds_py-0.27.0-cp314-cp314t-macosx_10_12_x86_64.whl", hash = "sha256:341d8acb6724c0c17bdf714319c393bb27f6d23d39bc74f94221b3e59fc31828", size = 359469, upload-time = "2025-08-07T08:25:04.648Z" },
    { url = "https://files.pythonhosted.org/packages/c0/22/b97878d2f1284286fef4172069e84b0b42b546ea7d053e5fb7adb9ac6494/rpds_py-0.27.0-cp314-cp314t-macosx_11_0_arm64.whl", hash = "sha256:6b96b0b784fe5fd03beffff2b1533dc0d85e92bab8d1b2c24ef3a5dc8fac5669", size = 343960, upload-time = "2025-08-07T08:25:05.863Z" },
    { url = "https://files.pythonhosted.org/packages/b1/b0/dfd55b5bb480eda0578ae94ef256d3061d20b19a0f5e18c482f03e65464f/rpds_py-0.27.0-cp314-cp314t-manylinux_2_17_aarch64.manylinux2014_aarch64.whl", hash = "sha256:0c431bfb91478d7cbe368d0a699978050d3b112d7f1d440a41e90faa325557fd", size = 380201, upload-time = "2025-08-07T08:25:07.513Z" },
    { url = "https://files.pythonhosted.org/packages/28/22/e1fa64e50d58ad2b2053077e3ec81a979147c43428de9e6de68ddf6aff4e/rpds_py-0.27.0-cp314-cp314t-manylinux_2_17_armv7l.manylinux2014_armv7l.whl", hash = "sha256:20e222a44ae9f507d0f2678ee3dd0c45ec1e930f6875d99b8459631c24058aec", size = 392111, upload-time = "2025-08-07T08:25:09.149Z" },
    { url = "https://files.pythonhosted.org/packages/49/f9/43ab7a43e97aedf6cea6af70fdcbe18abbbc41d4ae6cdec1bfc23bbad403/rpds_py-0.27.0-cp314-cp314t-manylinux_2_17_ppc64le.manylinux2014_ppc64le.whl", hash = "sha256:184f0d7b342967f6cda94a07d0e1fae177d11d0b8f17d73e06e36ac02889f303", size = 515863, upload-time = "2025-08-07T08:25:10.431Z" },
    { url = "https://files.pythonhosted.org/packages/38/9b/9bd59dcc636cd04d86a2d20ad967770bf348f5eb5922a8f29b547c074243/rpds_py-0.27.0-cp314-cp314t-manylinux_2_17_s390x.manylinux2014_s390x.whl", hash = "sha256:a00c91104c173c9043bc46f7b30ee5e6d2f6b1149f11f545580f5d6fdff42c0b", size = 402398, upload-time = "2025-08-07T08:25:11.819Z" },
    { url = "https://files.pythonhosted.org/packages/71/bf/f099328c6c85667aba6b66fa5c35a8882db06dcd462ea214be72813a0dd2/rpds_py-0.27.0-cp314-cp314t-manylinux_2_17_x86_64.manylinux2014_x86_64.whl", hash = "sha256:f7a37dd208f0d658e0487522078b1ed68cd6bce20ef4b5a915d2809b9094b410", size = 384665, upload-time = "2025-08-07T08:25:13.194Z" },
    { url = "https://files.pythonhosted.org/packages/a9/c5/9c1f03121ece6634818490bd3c8be2c82a70928a19de03467fb25a3ae2a8/rpds_py-0.27.0-cp314-cp314t-manylinux_2_31_riscv64.whl", hash = "sha256:92f3b3ec3e6008a1fe00b7c0946a170f161ac00645cde35e3c9a68c2475e8156", size = 400405, upload-time = "2025-08-07T08:25:14.417Z" },
    { url = "https://files.pythonhosted.org/packages/b5/b8/e25d54af3e63ac94f0c16d8fe143779fe71ff209445a0c00d0f6984b6b2c/rpds_py-0.27.0-cp314-cp314t-manylinux_2_5_i686.manylinux1_i686.whl", hash = "sha256:a1b3db5fae5cbce2131b7420a3f83553d4d89514c03d67804ced36161fe8b6b2", size = 413179, upload-time = "2025-08-07T08:25:15.664Z" },
    { url = "https://files.pythonhosted.org/packages/f9/d1/406b3316433fe49c3021546293a04bc33f1478e3ec7950215a7fce1a1208/rpds_py-0.27.0-cp314-cp314t-musllinux_1_2_aarch64.whl", hash = "sha256:5355527adaa713ab693cbce7c1e0ec71682f599f61b128cf19d07e5c13c9b1f1", size = 556895, upload-time = "2025-08-07T08:25:17.061Z" },
    { url = "https://files.pythonhosted.org/packages/5f/bc/3697c0c21fcb9a54d46ae3b735eb2365eea0c2be076b8f770f98e07998de/rpds_py-0.27.0-cp314-cp314t-musllinux_1_2_i686.whl", hash = "sha256:fcc01c57ce6e70b728af02b2401c5bc853a9e14eb07deda30624374f0aebfe42", size = 585464, upload-time = "2025-08-07T08:25:18.406Z" },
    { url = "https://files.pythonhosted.org/packages/63/09/ee1bb5536f99f42c839b177d552f6114aa3142d82f49cef49261ed28dbe0/rpds_py-0.27.0-cp314-cp314t-musllinux_1_2_x86_64.whl", hash = "sha256:3001013dae10f806380ba739d40dee11db1ecb91684febb8406a87c2ded23dae", size = 555090, upload-time = "2025-08-07T08:25:20.461Z" },
    { url = "https://files.pythonhosted.org/packages/7d/2c/363eada9e89f7059199d3724135a86c47082cbf72790d6ba2f336d146ddb/rpds_py-0.27.0-cp314-cp314t-win32.whl", hash = "sha256:0f401c369186a5743694dd9fc08cba66cf70908757552e1f714bfc5219c655b5", size = 218001, upload-time = "2025-08-07T08:25:21.761Z" },
    { url = "https://files.pythonhosted.org/packages/e2/3f/d6c216ed5199c9ef79e2a33955601f454ed1e7420a93b89670133bca5ace/rpds_py-0.27.0-cp314-cp314t-win_amd64.whl", hash = "sha256:8a1dca5507fa1337f75dcd5070218b20bc68cf8844271c923c1b79dfcbc20391", size = 230993, upload-time = "2025-08-07T08:25:23.34Z" },
]

[[package]]
name = "sqlparse"
version = "0.5.3"
source = { registry = "https://pypi.org/simple" }
sdist = { url = "https://files.pythonhosted.org/packages/e5/40/edede8dd6977b0d3da179a342c198ed100dd2aba4be081861ee5911e4da4/sqlparse-0.5.3.tar.gz", hash = "sha256:09f67787f56a0b16ecdbde1bfc7f5d9c3371ca683cfeaa8e6ff60b4807ec9272", size = 84999, upload-time = "2024-12-10T12:05:30.728Z" }
wheels = [
    { url = "https://files.pythonhosted.org/packages/a9/5c/bfd6bd0bf979426d405cc6e71eceb8701b148b16c21d2dc3c261efc61c7b/sqlparse-0.5.3-py3-none-any.whl", hash = "sha256:cf2196ed3418f3ba5de6af7e82c694a9fbdbfecccdfc72e281548517081f16ca", size = 44415, upload-time = "2024-12-10T12:05:27.824Z" },
]

[[package]]
name = "tzdata"
version = "2025.2"
source = { registry = "https://pypi.org/simple" }
sdist = { url = "https://files.pythonhosted.org/packages/95/32/1a225d6164441be760d75c2c42e2780dc0873fe382da3e98a2e1e48361e5/tzdata-2025.2.tar.gz", hash = "sha256:b60a638fcc0daffadf82fe0f57e53d06bdec2f36c4df66280ae79bce6bd6f2b9", size = 196380, upload-time = "2025-03-23T13:54:43.652Z" }
wheels = [
    { url = "https://files.pythonhosted.org/packages/5c/23/c7abc0ca0a1526a0774eca151daeb8de62ec457e77262b66b359c3c7679e/tzdata-2025.2-py2.py3-none-any.whl", hash = "sha256:1a403fada01ff9221ca8044d701868fa132215d84beb92242d9acd2147f667a8", size = 347839, upload-time = "2025-03-23T13:54:41.845Z" },
]

[[package]]
name = "uritemplate"
version = "4.2.0"
source = { registry = "https://pypi.org/simple" }
sdist = { url = "https://files.pythonhosted.org/packages/98/60/f174043244c5306c9988380d2cb10009f91563fc4b31293d27e17201af56/uritemplate-4.2.0.tar.gz", hash = "sha256:480c2ed180878955863323eea31b0ede668795de182617fef9c6ca09e6ec9d0e", size = 33267, upload-time = "2025-06-02T15:12:06.318Z" }
wheels = [
    { url = "https://files.pythonhosted.org/packages/a9/99/3ae339466c9183ea5b8ae87b34c0b897eda475d2aec2307cae60e5cd4f29/uritemplate-4.2.0-py3-none-any.whl", hash = "sha256:962201ba1c4edcab02e60f9a0d3821e82dfc5d2d6662a21abd533879bdb8a686", size = 11488, upload-time = "2025-06-02T15:12:03.405Z" },
]
